
Microsoft Visual Studio Solution File, Format Version 12.00
# Visual Studio Version 16
VisualStudioVersion = 16.0.30404.54
MinimumVisualStudioVersion = 10.0.40219.1
Project("{9A19103F-16F7-4668-BE54-9A1E7A4F7556}") = "SourceGeneratorPlayground", "SourceGeneratorPlayground.csproj", "{B5190CA8-0E49-4760-ACD2-E431BF32F9A5}"
EndProject
Global
	GlobalSection(SolutionConfigurationPlatforms) = preSolution
		Debug|Any CPU = Debug|Any CPU
		Release|Any CPU = Release|Any CPU
	EndGlobalSection
	GlobalSection(ProjectConfigurationPlatforms) = postSolution
		{B5190CA8-0E49-4760-ACD2-E431BF32F9A5}.Debug|Any CPU.ActiveCfg = Debug|Any CPU
		{B5190CA8-0E49-4760-ACD2-E431BF32F9A5}.Debug|Any CPU.Build.0 = Debug|Any CPU
		{B5190CA8-0E49-4760-ACD2-E431BF32F9A5}.Release|Any CPU.ActiveCfg = Release|Any CPU
		{B5190CA8-0E49-4760-ACD2-E431BF32F9A5}.Release|Any CPU.Build.0 = Release|Any CPU
	EndGlobalSection
	GlobalSection(SolutionProperties) = preSolution
		HideSolutionNode = FALSE
	EndGlobalSection
	GlobalSection(ExtensibilityGlobals) = postSolution
		SolutionGuid = {605B27E9-B040-4EAA-BCFB-B41BF28CC45B}
	EndGlobalSection
EndGlobal
